
Microsoft Visual Studio Solution File, Format Version 12.00
# Visual Studio Version 17
VisualStudioVersion = 17.12.35309.182
MinimumVisualStudioVersion = 10.0.40219.1
Project("{FAE04EC0-301F-11D3-BF4B-00C04F79EFBC}") = "EKO.PingPingApi", "EKO.PingPingApi\EKO.PingPingApi.csproj", "{354BE430-9BD9-49C7-BB01-38A9FACFD1EC}"
EndProject
Project("{FAE04EC0-301F-11D3-BF4B-00C04F79EFBC}") = "EKO.PingPingApi.Shared", "EKO.PingPingApi.Shared\EKO.PingPingApi.Shared.csproj", "{709D5CA6-7F2E-499D-AB1D-D997E88AFE26}"
EndProject
Project("{FAE04EC0-301F-11D3-BF4B-00C04F79EFBC}") = "EKO.PingPingApi.Infrastructure", "EKO.PingPingApi.Infrastructure\EKO.PingPingApi.Infrastructure.csproj", "{422E7838-8FCF-4E38-8E3A-6EEC9BFB2369}"
EndProject
Global
	GlobalSection(SolutionConfigurationPlatforms) = preSolution
		Debug|Any CPU = Debug|Any CPU
		Release|Any CPU = Release|Any CPU
	EndGlobalSection
	GlobalSection(ProjectConfigurationPlatforms) = postSolution
		{354BE430-9BD9-49C7-BB01-38A9FACFD1EC}.Debug|Any CPU.ActiveCfg = Debug|Any CPU
		{354BE430-9BD9-49C7-BB01-38A9FACFD1EC}.Debug|Any CPU.Build.0 = Debug|Any CPU
		{354BE430-9BD9-49C7-BB01-38A9FACFD1EC}.Release|Any CPU.ActiveCfg = Release|Any CPU
		{354BE430-9BD9-49C7-BB01-38A9FACFD1EC}.Release|Any CPU.Build.0 = Release|Any CPU
		{709D5CA6-7F2E-499D-AB1D-D997E88AFE26}.Debug|Any CPU.ActiveCfg = Debug|Any CPU
		{709D5CA6-7F2E-499D-AB1D-D997E88AFE26}.Debug|Any CPU.Build.0 = Debug|Any CPU
		{709D5CA6-7F2E-499D-AB1D-D997E88AFE26}.Release|Any CPU.ActiveCfg = Release|Any CPU
		{709D5CA6-7F2E-499D-AB1D-D997E88AFE26}.Release|Any CPU.Build.0 = Release|Any CPU
		{422E7838-8FCF-4E38-8E3A-6EEC9BFB2369}.Debug|Any CPU.ActiveCfg = Debug|Any CPU
		{422E7838-8FCF-4E38-8E3A-6EEC9BFB2369}.Debug|Any CPU.Build.0 = Debug|Any CPU
		{422E7838-8FCF-4E38-8E3A-6EEC9BFB2369}.Release|Any CPU.ActiveCfg = Release|Any CPU
		{422E7838-8FCF-4E38-8E3A-6EEC9BFB2369}.Release|Any CPU.Build.0 = Release|Any CPU
	EndGlobalSection
	GlobalSection(SolutionProperties) = preSolution
		HideSolutionNode = FALSE
	EndGlobalSection
	GlobalSection(ExtensibilityGlobals) = postSolution
		SolutionGuid = {201DBAED-E0AB-455A-877C-1F9319D48316}
	EndGlobalSection
EndGlobal
